// !$*UTF8*$!
{
	archiveVersion = 1;
	classes = {
	};
	objectVersion = 50;
	objects = {

/* Begin PBXBuildFile section */
		F85EDBF820306DC700D88E0F /* AppDelegate.swift in Sources */ = {isa = PBXBuildFile; fileRef = F85EDBF720306DC700D88E0F /* AppDelegate.swift */; };
		F85EDBFA20306DC700D88E0F /* ViewController.swift in Sources */ = {isa = PBXBuildFile; fileRef = F85EDBF920306DC700D88E0F /* ViewController.swift */; };
		F85EDBFD20306DC700D88E0F /* Main.storyboard in Resources */ = {isa = PBXBuildFile; fileRef = F85EDBFB20306DC700D88E0F /* Main.storyboard */; };
		F85EDBFF20306DCA00D88E0F /* Assets.xcassets in Resources */ = {isa = PBXBuildFile; fileRef = F85EDBFE20306DCA00D88E0F /* Assets.xcassets */; };
		F85EDC0220306DCA00D88E0F /* LaunchScreen.storyboard in Resources */ = {isa = PBXBuildFile; fileRef = F85EDC0020306DCA00D88E0F /* LaunchScreen.storyboard */; };
		F85EDC0D20306DCA00D88E0F /* PartyRockAppTests.swift in Sources */ = {isa = PBXBuildFile; fileRef = F85EDC0C20306DCA00D88E0F /* PartyRockAppTests.swift */; };
		F85EDC1820306DCA00D88E0F /* PartyRockAppUITests.swift in Sources */ = {isa = PBXBuildFile; fileRef = F85EDC1720306DCA00D88E0F /* PartyRockAppUITests.swift */; };
/* End PBXBuildFile section */

/* Begin PBXContainerItemProxy section */
		F85EDC0920306DCA00D88E0F /* PBXContainerItemProxy */ = {
			isa = PBXContainerItemProxy;
			containerPortal = F85EDBEC20306DC700D88E0F /* Project object */;
			proxyType = 1;
			remoteGlobalIDString = F85EDBF320306DC700D88E0F;
			remoteInfo = PartyRockApp;
		};
		F85EDC1420306DCA00D88E0F /* PBXContainerItemProxy */ = {
			isa = PBXContainerItemProxy;
			containerPortal = F85EDBEC20306DC700D88E0F /* Project object */;
			proxyType = 1;
			remoteGlobalIDString = F85EDBF320306DC700D88E0F;
			remoteInfo = PartyRockApp;
		};
/* End PBXContainerItemProxy section */

/* Begin PBXFileReference section */
		F85EDBF420306DC700D88E0F /* PartyRockApp.app */ = {isa = PBXFileReference; explicitFileType = wrapper.application; includeInIndex = 0; path = PartyRockApp.app; sourceTree = BUILT_PRODUCTS_DIR; };
		F85EDBF720306DC700D88E0F /* AppDelegate.swift */ = {isa = PBXFileReference; lastKnownFileType = sourcecode.swift; path = AppDelegate.swift; sourceTree = "<group>"; };
		F85EDBF920306DC700D88E0F /* ViewController.swift */ = {isa = PBXFileReference; lastKnownFileType = sourcecode.swift; path = ViewController.swift; sourceTree = "<group>"; };
		F85EDBFC20306DC700D88E0F /* Base */ = {isa = PBXFileReference; lastKnownFileType = file.storyboard; name = Base; path = Base.lproj/Main.storyboard; sourceTree = "<group>"; };
		F85EDBFE20306DCA00D88E0F /* Assets.xcassets */ = {isa = PBXFileReference; lastKnownFileType = folder.assetcatalog; path = Assets.xcassets; sourceTree = "<group>"; };
		F85EDC0120306DCA00D88E0F /* Base */ = {isa = PBXFileReference; lastKnownFileType = file.storyboard; name = Base; path = Base.lproj/LaunchScreen.storyboard; sourceTree = "<group>"; };
		F85EDC0320306DCA00D88E0F /* Info.plist */ = {isa = PBXFileReference; lastKnownFileType = text.plist.xml; path = Info.plist; sourceTree = "<group>"; };
		F85EDC0820306DCA00D88E0F /* PartyRockAppTests.xctest */ = {isa = PBXFileReference; explicitFileType = wrapper.cfbundle; includeInIndex = 0; path = PartyRockAppTests.xctest; sourceTree = BUILT_PRODUCTS_DIR; };
		F85EDC0C20306DCA00D88E0F /* PartyRockAppTests.swift */ = {isa = PBXFileReference; lastKnownFileType = sourcecode.swift; path = PartyRockAppTests.swift; sourceTree = "<group>"; };
		F85EDC0E20306DCA00D88E0F /* Info.plist */ = {isa = PBXFileReference; lastKnownFileType = text.plist.xml; path = Info.plist; sourceTree = "<group>"; };
		F85EDC1320306DCA00D88E0F /* PartyRockAppUITests.xctest */ = {isa = PBXFileReference; explicitFileType = wrapper.cfbundle; includeInIndex = 0; path = PartyRockAppUITests.xctest; sourceTree = BUILT_PRODUCTS_DIR; };
		F85EDC1720306DCA00D88E0F /* PartyRockAppUITests.swift */ = {isa = PBXFileReference; lastKnownFileType = sourcecode.swift; path = PartyRockAppUITests.swift; sourceTree = "<group>"; };
		F85EDC1920306DCA00D88E0F /* Info.plist */ = {isa = PBXFileReference; lastKnownFileType = text.plist.xml; path = Info.plist; sourceTree = "<group>"; };
/* End PBXFileReference section */

/* Begin PBXFrameworksBuildPhase section */
		F85EDBF120306DC700D88E0F /* Frameworks */ = {
			isa = PBXFrameworksBuildPhase;
			buildActionMask = 2147483647;
			files = (
			);
			runOnlyForDeploymentPostprocessing = 0;
		};
		F85EDC0520306DCA00D88E0F /* Frameworks */ = {
			isa = PBXFrameworksBuildPhase;
			buildActionMask = 2147483647;
			files = (
			);
			runOnlyForDeploymentPostprocessing = 0;
		};
		F85EDC1020306DCA00D88E0F /* Frameworks */ = {
			isa = PBXFrameworksBuildPhase;
			buildActionMask = 2147483647;
			files = (
			);
			runOnlyForDeploymentPostprocessing = 0;
		};
/* End PBXFrameworksBuildPhase section */

/* Begin PBXGroup section */
		F85EDBEB20306DC700D88E0F = {
			isa = PBXGroup;
			children = (
				F85EDBF620306DC700D88E0F /* PartyRockApp */,
				F85EDC0B20306DCA00D88E0F /* PartyRockAppTests */,
				F85EDC1620306DCA00D88E0F /* PartyRockAppUITests */,
				F85EDBF520306DC700D88E0F /* Products */,
			);
			sourceTree = "<group>";
		};
		F85EDBF520306DC700D88E0F /* Products */ = {
			isa = PBXGroup;
			children = (
				F85EDBF420306DC700D88E0F /* PartyRockApp.app */,
				F85EDC0820306DCA00D88E0F /* PartyRockAppTests.xctest */,
				F85EDC1320306DCA00D88E0F /* PartyRockAppUITests.xctest */,
			);
			name = Products;
			sourceTree = "<group>";
		};
		F85EDBF620306DC700D88E0F /* PartyRockApp */ = {
			isa = PBXGroup;
			children = (
				F85EDBF720306DC700D88E0F /* AppDelegate.swift */,
				F85EDBF920306DC700D88E0F /* ViewController.swift */,
				F85EDBFB20306DC700D88E0F /* Main.storyboard */,
				F85EDBFE20306DCA00D88E0F /* Assets.xcassets */,
				F85EDC0020306DCA00D88E0F /* LaunchScreen.storyboard */,
				F85EDC0320306DCA00D88E0F /* Info.plist */,
			);
			path = PartyRockApp;
			sourceTree = "<group>";
		};
		F85EDC0B20306DCA00D88E0F /* PartyRockAppTests */ = {
			isa = PBXGroup;
			children = (
				F85EDC0C20306DCA00D88E0F /* PartyRockAppTests.swift */,
				F85EDC0E20306DCA00D88E0F /* Info.plist */,
			);
			path = PartyRockAppTests;
			sourceTree = "<group>";
		};
		F85EDC1620306DCA00D88E0F /* PartyRockAppUITests */ = {
			isa = PBXGroup;
			children = (
				F85EDC1720306DCA00D88E0F /* PartyRockAppUITests.swift */,
				F85EDC1920306DCA00D88E0F /* Info.plist */,
			);
			path = PartyRockAppUITests;
			sourceTree = "<group>";
		};
/* End PBXGroup section */

/* Begin PBXNativeTarget section */
		F85EDBF320306DC700D88E0F /* PartyRockApp */ = {
			isa = PBXNativeTarget;
			buildConfigurationList = F85EDC1C20306DCA00D88E0F /* Build configuration list for PBXNativeTarget "PartyRockApp" */;
			buildPhases = (
				F85EDBF020306DC700D88E0F /* Sources */,
				F85EDBF120306DC700D88E0F /* Frameworks */,
				F85EDBF220306DC700D88E0F /* Resources */,
			);
			buildRules = (
			);
			dependencies = (
			);
			name = PartyRockApp;
			productName = PartyRockApp;
			productReference = F85EDBF420306DC700D88E0F /* PartyRockApp.app */;
			productType = "com.apple.product-type.application";
		};
		F85EDC0720306DCA00D88E0F /* PartyRockAppTests */ = {
			isa = PBXNativeTarget;
			buildConfigurationList = F85EDC1F20306DCA00D88E0F /* Build configuration list for PBXNativeTarget "PartyRockAppTests" */;
			buildPhases = (
				F85EDC0420306DCA00D88E0F /* Sources */,
				F85EDC0520306DCA00D88E0F /* Frameworks */,
				F85EDC0620306DCA00D88E0F /* Resources */,
			);
			buildRules = (
			);
			dependencies = (
				F85EDC0A20306DCA00D88E0F /* PBXTargetDependency */,
			);
			name = PartyRockAppTests;
			productName = PartyRockAppTests;
			productReference = F85EDC0820306DCA00D88E0F /* PartyRockAppTests.xctest */;
			productType = "com.apple.product-type.bundle.unit-test";
		};
		F85EDC1220306DCA00D88E0F /* PartyRockAppUITests */ = {
			isa = PBXNativeTarget;
			buildConfigurationList = F85EDC2220306DCA00D88E0F /* Build configuration list for PBXNativeTarget "PartyRockAppUITests" */;
			buildPhases = (
				F85EDC0F20306DCA00D88E0F /* Sources */,
				F85EDC1020306DCA00D88E0F /* Frameworks */,
				F85EDC1120306DCA00D88E0F /* Resources */,
			);
			buildRules = (
			);
			dependencies = (
				F85EDC1520306DCA00D88E0F /* PBXTargetDependency */,
			);
			name = PartyRockAppUITests;
			productName = PartyRockAppUITests;
			productReference = F85EDC1320306DCA00D88E0F /* PartyRockAppUITests.xctest */;
			productType = "com.apple.product-type.bundle.ui-testing";
		};
/* End PBXNativeTarget section */

/* Begin PBXProject section */
		F85EDBEC20306DC700D88E0F /* Project object */ = {
			isa = PBXProject;
			attributes = {
				LastSwiftUpdateCheck = 0930;
				LastUpgradeCheck = 0930;
				ORGANIZATIONNAME = "Andrew Miller";
				TargetAttributes = {
					F85EDBF320306DC700D88E0F = {
						CreatedOnToolsVersion = 9.3;
					};
					F85EDC0720306DCA00D88E0F = {
						CreatedOnToolsVersion = 9.3;
						TestTargetID = F85EDBF320306DC700D88E0F;
					};
					F85EDC1220306DCA00D88E0F = {
						CreatedOnToolsVersion = 9.3;
						TestTargetID = F85EDBF320306DC700D88E0F;
					};
				};
			};
			buildConfigurationList = F85EDBEF20306DC700D88E0F /* Build configuration list for PBXProject "PartyRockApp" */;
			compatibilityVersion = "Xcode 9.3";
			developmentRegion = en;
			hasScannedForEncodings = 0;
			knownRegions = (
				en,
				Base,
			);
			mainGroup = F85EDBEB20306DC700D88E0F;
			productRefGroup = F85EDBF520306DC700D88E0F /* Products */;
			projectDirPath = "";
			projectRoot = "";
			targets = (
				F85EDBF320306DC700D88E0F /* PartyRockApp */,
				F85EDC0720306DCA00D88E0F /* PartyRockAppTests */,
				F85EDC1220306DCA00D88E0F /* PartyRockAppUITests */,
			);
		};
/* End PBXProject section */

/* Begin PBXResourcesBuildPhase section */
		F85EDBF220306DC700D88E0F /* Resources */ = {
			isa = PBXResourcesBuildPhase;
			buildActionMask = 2147483647;
			files = (
				F85EDC0220306DCA00D88E0F /* LaunchScreen.storyboard in Resources */,
				F85EDBFF20306DCA00D88E0F /* Assets.xcassets in Resources */,
				F85EDBFD20306DC700D88E0F /* Main.storyboard in Resources */,
			);
			runOnlyForDeploymentPostprocessing = 0;
		};
		F85EDC0620306DCA00D88E0F /* Resources */ = {
			isa = PBXResourcesBuildPhase;
			buildActionMask = 2147483647;
			files = (
			);
			runOnlyForDeploymentPostprocessing = 0;
		};
		F85EDC1120306DCA00D88E0F /* Resources */ = {
			isa = PBXResourcesBuildPhase;
			buildActionMask = 2147483647;
			files = (
			);
			runOnlyForDeploymentPostprocessing = 0;
		};
/* End PBXResourcesBuildPhase section */

/* Begin PBXSourcesBuildPhase section */
		F85EDBF020306DC700D88E0F /* Sources */ = {
			isa = PBXSourcesBuildPhase;
			buildActionMask = 2147483647;
			files = (
				F85EDBFA20306DC700D88E0F /* ViewController.swift in Sources */,
				F85EDBF820306DC700D88E0F /* AppDelegate.swift in Sources */,
			);
			runOnlyForDeploymentPostprocessing = 0;
		};
		F85EDC0420306DCA00D88E0F /* Sources */ = {
			isa = PBXSourcesBuildPhase;
			buildActionMask = 2147483647;
			files = (
				F85EDC0D20306DCA00D88E0F /* PartyRockAppTests.swift in Sources */,
			);
			runOnlyForDeploymentPostprocessing = 0;
		};
		F85EDC0F20306DCA00D88E0F /* Sources */ = {
			isa = PBXSourcesBuildPhase;
			buildActionMask = 2147483647;
			files = (
				F85EDC1820306DCA00D88E0F /* PartyRockAppUITests.swift in Sources */,
			);
			runOnlyForDeploymentPostprocessing = 0;
		};
/* End PBXSourcesBuildPhase section */

/* Begin PBXTargetDependency section */
		F85EDC0A20306DCA00D88E0F /* PBXTargetDependency */ = {
			isa = PBXTargetDependency;
			target = F85EDBF320306DC700D88E0F /* PartyRockApp */;
			targetProxy = F85EDC0920306DCA00D88E0F /* PBXContainerItemProxy */;
		};
		F85EDC1520306DCA00D88E0F /* PBXTargetDependency */ = {
			isa = PBXTargetDependency;
			target = F85EDBF320306DC700D88E0F /* PartyRockApp */;
			targetProxy = F85EDC1420306DCA00D88E0F /* PBXContainerItemProxy */;
		};
/* End PBXTargetDependency section */

/* Begin PBXVariantGroup section */
		F85EDBFB20306DC700D88E0F /* Main.storyboard */ = {
			isa = PBXVariantGroup;
			children = (
				F85EDBFC20306DC700D88E0F /* Base */,
			);
			name = Main.storyboard;
			sourceTree = "<group>";
		};
		F85EDC0020306DCA00D88E0F /* LaunchScreen.storyboard */ = {
			isa = PBXVariantGroup;
			children = (
				F85EDC0120306DCA00D88E0F /* Base */,
			);
			name = LaunchScreen.storyboard;
			sourceTree = "<group>";
		};
/* End PBXVariantGroup section */

/* Begin XCBuildConfiguration section */
		F85EDC1A20306DCA00D88E0F /* Debug */ = {
			isa = XCBuildConfiguration;
			buildSettings = {
				ALWAYS_SEARCH_USER_PATHS = NO;
				CLANG_ANALYZER_NONNULL = YES;
				CLANG_ANALYZER_NUMBER_OBJECT_CONVERSION = YES_AGGRESSIVE;
				CLANG_CXX_LANGUAGE_STANDARD = "gnu++14";
				CLANG_CXX_LIBRARY = "libc++";
				CLANG_ENABLE_MODULES = YES;
				CLANG_ENABLE_OBJC_ARC = YES;
				CLANG_ENABLE_OBJC_WEAK = YES;
				CLANG_WARN_BLOCK_CAPTURE_AUTORELEASING = YES;
				CLANG_WARN_BOOL_CONVERSION = YES;
				CLANG_WARN_COMMA = YES;
				CLANG_WARN_CONSTANT_CONVERSION = YES;
				CLANG_WARN_DEPRECATED_OBJC_IMPLEMENTATIONS = YES;
				CLANG_WARN_DIRECT_OBJC_ISA_USAGE = YES_ERROR;
				CLANG_WARN_DOCUMENTATION_COMMENTS = YES;
				CLANG_WARN_EMPTY_BODY = YES;
				CLANG_WARN_ENUM_CONVERSION = YES;
				CLANG_WARN_INFINITE_RECURSION = YES;
				CLANG_WARN_INT_CONVERSION = YES;
				CLANG_WARN_NON_LITERAL_NULL_CONVERSION = YES;
				CLANG_WARN_OBJC_IMPLICIT_RETAIN_SELF = YES;
				CLANG_WARN_OBJC_LITERAL_CONVERSION = YES;
				CLANG_WARN_OBJC_ROOT_CLASS = YES_ERROR;
				CLANG_WARN_RANGE_LOOP_ANALYSIS = YES;
				CLANG_WARN_STRICT_PROTOTYPES = YES;
				CLANG_WARN_SUSPICIOUS_MOVE = YES;
				CLANG_WARN_UNGUARDED_AVAILABILITY = YES_AGGRESSIVE;
				CLANG_WARN_UNREACHABLE_CODE = YES;
				CLANG_WARN__DUPLICATE_METHOD_MATCH = YES;
				CODE_SIGN_IDENTITY = "iPhone Developer";
				COPY_PHASE_STRIP = NO;
				DEBUG_INFORMATION_FORMAT = dwarf;
				ENABLE_STRICT_OBJC_MSGSEND = YES;
				ENABLE_TESTABILITY = YES;
				GCC_C_LANGUAGE_STANDARD = gnu11;
				GCC_DYNAMIC_NO_PIC = NO;
				GCC_NO_COMMON_BLOCKS = YES;
				GCC_OPTIMIZATION_LEVEL = 0;
				GCC_PREPROCESSOR_DEFINITIONS = (
					"DEBUG=1",
					"$(inherited)",
				);
				GCC_WARN_64_TO_32_BIT_CONVERSION = YES;
				GCC_WARN_ABOUT_RETURN_TYPE = YES_ERROR;
				GCC_WARN_UNDECLARED_SELECTOR = YES;
				GCC_WARN_UNINITIALIZED_AUTOS = YES_AGGRESSIVE;
				GCC_WARN_UNUSED_FUNCTION = YES;
				GCC_WARN_UNUSED_VARIABLE = YES;
				IPHONEOS_DEPLOYMENT_TARGET = 11.3;
				MTL_ENABLE_DEBUG_INFO = YES;
				ONLY_ACTIVE_ARCH = YES;
				SDKROOT = iphoneos;
				SWIFT_ACTIVE_COMPILATION_CONDITIONS = DEBUG;
				SWIFT_OPTIMIZATION_LEVEL = "-Onone";
			};
			name = Debug;
		};
		F85EDC1B20306DCA00D88E0F /* Release */ = {
			isa = XCBuildConfiguration;
			buildSettings = {
				ALWAYS_SEARCH_USER_PATHS = NO;
				CLANG_ANALYZER_NONNULL = YES;
				CLANG_ANALYZER_NUMBER_OBJECT_CONVERSION = YES_AGGRESSIVE;
				CLANG_CXX_LANGUAGE_STANDARD = "gnu++14";
				CLANG_CXX_LIBRARY = "libc++";
				CLANG_ENABLE_MODULES = YES;
				CLANG_ENABLE_OBJC_ARC = YES;
				CLANG_ENABLE_OBJC_WEAK = YES;
				CLANG_WARN_BLOCK_CAPTURE_AUTORELEASING = YES;
				CLANG_WARN_BOOL_CONVERSION = YES;
				CLANG_WARN_COMMA = YES;
				CLANG_WARN_CONSTANT_CONVERSION = YES;
				CLANG_WARN_DEPRECATED_OBJC_IMPLEMENTATIONS = YES;
				CLANG_WARN_DIRECT_OBJC_ISA_USAGE = YES_ERROR;
				CLANG_WARN_DOCUMENTATION_COMMENTS = YES;
				CLANG_WARN_EMPTY_BODY = YES;
				CLANG_WARN_ENUM_CONVERSION = YES;
				CLANG_WARN_INFINITE_RECURSION = YES;
				CLANG_WARN_INT_CONVERSION = YES;
				CLANG_WARN_NON_LITERAL_NULL_CONVERSION = YES;
				CLANG_WARN_OBJC_IMPLICIT_RETAIN_SELF = YES;
				CLANG_WARN_OBJC_LITERAL_CONVERSION = YES;
				CLANG_WARN_OBJC_ROOT_CLASS = YES_ERROR;
				CLANG_WARN_RANGE_LOOP_ANALYSIS = YES;
				CLANG_WARN_STRICT_PROTOTYPES = YES;
				CLANG_WARN_SUSPICIOUS_MOVE = YES;
				CLANG_WARN_UNGUARDED_AVAILABILITY = YES_AGGRESSIVE;
				CLANG_WARN_UNREACHABLE_CODE = YES;
				CLANG_WARN__DUPLICATE_METHOD_MATCH = YES;
				CODE_SIGN_IDENTITY = "iPhone Developer";
				COPY_PHASE_STRIP = NO;
				DEBUG_INFORMATION_FORMAT = "dwarf-with-dsym";
				ENABLE_NS_ASSERTIONS = NO;
				ENABLE_STRICT_OBJC_MSGSEND = YES;
				GCC_C_LANGUAGE_STANDARD = gnu11;
				GCC_NO_COMMON_BLOCKS = YES;
				GCC_WARN_64_TO_32_BIT_CONVERSION = YES;
				GCC_WARN_ABOUT_RETURN_TYPE = YES_ERROR;
				GCC_WARN_UNDECLARED_SELECTOR = YES;
				GCC_WARN_UNINITIALIZED_AUTOS = YES_AGGRESSIVE;
				GCC_WARN_UNUSED_FUNCTION = YES;
				GCC_WARN_UNUSED_VARIABLE = YES;
				IPHONEOS_DEPLOYMENT_TARGET = 11.3;
				MTL_ENABLE_DEBUG_INFO = NO;
				SDKROOT = iphoneos;
				SWIFT_OPTIMIZATION_LEVEL = "-Owholemodule";
				VALIDATE_PRODUCT = YES;
			};
			name = Release;
		};
		F85EDC1D20306DCA00D88E0F /* Debug */ = {
			isa = XCBuildConfiguration;
			buildSettings = {
				ASSETCATALOG_COMPILER_APPICON_NAME = AppIcon;
				CODE_SIGN_STYLE = Automatic;
				DEVELOPMENT_TEAM = 67H43KT2PM;
				INFOPLIST_FILE = PartyRockApp/Info.plist;
				LD_RUNPATH_SEARCH_PATHS = (
					"$(inherited)",
					"@executable_path/Frameworks",
				);
				PRODUCT_BUNDLE_IDENTIFIER = com.andrewmiller167.PartyRockApp;
				PRODUCT_NAME = "$(TARGET_NAME)";
				SWIFT_VERSION = 4.0;
				TARGETED_DEVICE_FAMILY = "1,2";
			};
			name = Debug;
		};
		F85EDC1E20306DCA00D88E0F /* Release */ = {
			isa = XCBuildConfiguration;
			buildSettings = {
				ASSETCATALOG_COMPILER_APPICON_NAME = AppIcon;
				CODE_SIGN_STYLE = Automatic;
				DEVELOPMENT_TEAM = 67H43KT2PM;
				INFOPLIST_FILE = PartyRockApp/Info.plist;
				LD_RUNPATH_SEARCH_PATHS = (
					"$(inherited)",
					"@executable_path/Frameworks",
				);
				PRODUCT_BUNDLE_IDENTIFIER = com.andrewmiller167.PartyRockApp;
				PRODUCT_NAME = "$(TARGET_NAME)";
				SWIFT_VERSION = 4.0;
				TARGETED_DEVICE_FAMILY = "1,2";
			};
			name = Release;
		};
		F85EDC2020306DCA00D88E0F /* Debug */ = {
			isa = XCBuildConfiguration;
			buildSettings = {
				ALWAYS_EMBED_SWIFT_STANDARD_LIBRARIES = YES;
				BUNDLE_LOADER = "$(TEST_HOST)";
				CODE_SIGN_STYLE = Automatic;
				DEVELOPMENT_TEAM = 67H43KT2PM;
				INFOPLIST_FILE = PartyRockAppTests/Info.plist;
				LD_RUNPATH_SEARCH_PATHS = (
					"$(inherited)",
					"@executable_path/Frameworks",
					"@loader_path/Frameworks",
				);
				PRODUCT_BUNDLE_IDENTIFIER = com.andrewmiller167.PartyRockAppTests;
				PRODUCT_NAME = "$(TARGET_NAME)";
				SWIFT_VERSION = 4.0;
				TARGETED_DEVICE_FAMILY = "1,2";
				TEST_HOST = "$(BUILT_PRODUCTS_DIR)/PartyRockApp.app/PartyRockApp";
			};
			name = Debug;
		};
		F85EDC2120306DCA00D88E0F /* Release */ = {
			isa = XCBuildConfiguration;
			buildSettings = {
				ALWAYS_EMBED_SWIFT_STANDARD_LIBRARIES = YES;
				BUNDLE_LOADER = "$(TEST_HOST)";
				CODE_SIGN_STYLE = Automatic;
				DEVELOPMENT_TEAM = 67H43KT2PM;
				INFOPLIST_FILE = PartyRockAppTests/Info.plist;
				LD_RUNPATH_SEARCH_PATHS = (
					"$(inherited)",
					"@executable_path/Frameworks",
					"@loader_path/Frameworks",
				);
				PRODUCT_BUNDLE_IDENTIFIER = com.andrewmiller167.PartyRockAppTests;
				PRODUCT_NAME = "$(TARGET_NAME)";
				SWIFT_VERSION = 4.0;
				TARGETED_DEVICE_FAMILY = "1,2";
				TEST_HOST = "$(BUILT_PRODUCTS_DIR)/PartyRockApp.app/PartyRockApp";
			};
			name = Release;
		};
		F85EDC2320306DCA00D88E0F /* Debug */ = {
			isa = XCBuildConfiguration;
			buildSettings = {
				ALWAYS_EMBED_SWIFT_STANDARD_LIBRARIES = YES;
				CODE_SIGN_STYLE = Automatic;
				DEVELOPMENT_TEAM = 67H43KT2PM;
				INFOPLIST_FILE = PartyRockAppUITests/Info.plist;
				LD_RUNPATH_SEARCH_PATHS = (
					"$(inherited)",
					"@executable_path/Frameworks",
					"@loader_path/Frameworks",
				);
				PRODUCT_BUNDLE_IDENTIFIER = com.andrewmiller167.PartyRockAppUITests;
				PRODUCT_NAME = "$(TARGET_NAME)";
				SWIFT_VERSION = 4.0;
				TARGETED_DEVICE_FAMILY = "1,2";
				TEST_TARGET_NAME = PartyRockApp;
			};
			name = Debug;
		};
		F85EDC2420306DCA00D88E0F /* Release */ = {
			isa = XCBuildConfiguration;
			buildSettings = {
				ALWAYS_EMBED_SWIFT_STANDARD_LIBRARIES = YES;
				CODE_SIGN_STYLE = Automatic;
				DEVELOPMENT_TEAM = 67H43KT2PM;
				INFOPLIST_FILE = PartyRockAppUITests/Info.plist;
				LD_RUNPATH_SEARCH_PATHS = (
					"$(inherited)",
					"@executable_path/Frameworks",
					"@loader_path/Frameworks",
				);
				PRODUCT_BUNDLE_IDENTIFIER = com.andrewmiller167.PartyRockAppUITests;
				PRODUCT_NAME = "$(TARGET_NAME)";
				SWIFT_VERSION = 4.0;
				TARGETED_DEVICE_FAMILY = "1,2";
				TEST_TARGET_NAME = PartyRockApp;
			};
			name = Release;
		};
/* End XCBuildConfiguration section */

/* Begin XCConfigurationList section */
		F85EDBEF20306DC700D88E0F /* Build configuration list for PBXProject "PartyRockApp" */ = {
			isa = XCConfigurationList;
			buildConfigurations = (
				F85EDC1A20306DCA00D88E0F /* Debug */,
				F85EDC1B20306DCA00D88E0F /* Release */,
			);
			defaultConfigurationIsVisible = 0;
			defaultConfigurationName = Release;
		};
		F85EDC1C20306DCA00D88E0F /* Build configuration list for PBXNativeTarget "PartyRockApp" */ = {
			isa = XCConfigurationList;
			buildConfigurations = (
				F85EDC1D20306DCA00D88E0F /* Debug */,
				F85EDC1E20306DCA00D88E0F /* Release */,
			);
			defaultConfigurationIsVisible = 0;
			defaultConfigurationName = Release;
		};
		F85EDC1F20306DCA00D88E0F /* Build configuration list for PBXNativeTarget "PartyRockAppTests" */ = {
			isa = XCConfigurationList;
			buildConfigurations = (
				F85EDC2020306DCA00D88E0F /* Debug */,
				F85EDC2120306DCA00D88E0F /* Release */,
			);
			defaultConfigurationIsVisible = 0;
			defaultConfigurationName = Release;
		};
		F85EDC2220306DCA00D88E0F /* Build configuration list for PBXNativeTarget "PartyRockAppUITests" */ = {
			isa = XCConfigurationList;
			buildConfigurations = (
				F85EDC2320306DCA00D88E0F /* Debug */,
				F85EDC2420306DCA00D88E0F /* Release */,
			);
			defaultConfigurationIsVisible = 0;
			defaultConfigurationName = Release;
		};
/* End XCConfigurationList section */
	};
	rootObject = F85EDBEC20306DC700D88E0F /* Project object */;
}
